{
  "name": "weather",
  "version": "0.1.0",
  "lockfileVersion": 1,
  "requires": true,
  "dependencies": {
    "@types/history": {
      "version": "4.6.2",
      "resolved": "https://registry.npmjs.org/@types/history/-/history-4.6.2.tgz",
      "integrity": "sha512-eVAb52MJ4lfPLiO9VvTgv8KaZDEIqCwhv+lXOMLlt4C1YHTShgmMULEg0RrCbnqfYd6QKfHsMp0MiX0vWISpSw=="
    },
    "@types/react": {
      "version": "16.0.38",
      "resolved": "https://registry.npmjs.org/@types/react/-/react-16.0.38.tgz",
      "integrity": "sha512-t0XJHNrlzLiVAKCWxS9zzAadoQO8zGFpHsrvNVk7QmrDXnm3cPFy2wFcHGNbKjntBiXznL6qQkh+a1Wxu21+dA=="
    },
    "@types/react-router": {
      "version": "4.0.22",
      "resolved": "https://registry.npmjs.org/@types/react-router/-/react-router-4.0.22.tgz",
      "integrity": "sha512-niqN3wGnnURY24PW0soSlMe9JxZU+H3d6zWOax99+Cw3QZE7mlIdbRbD68S5z+9saS694IHTRrdqXVl4P0UT6g==",
      "requires": {
        "@types/history": "4.6.2",
        "@types/react": "16.0.38"
      }
    },
    "@types/react-router-dom": {
      "version": "4.2.4",
      "resolved": "https://registry.npmjs.org/@types/react-router-dom/-/react-router-dom-4.2.4.tgz",
      "integrity": "sha512-m90mTx1kWJ75H6WALbJtcxvbbQkt4BrlUDFrrAy7HKlAO6Vf6yRuc41m85PbIAABrJZnrMDXp1wwnR5ios8u4Q==",
      "requires": {
        "@types/history": "4.6.2",
        "@types/react": "16.0.38",
        "@types/react-router": "4.0.22"
      }
    }
  }
}
